
Microsoft Visual Studio Solution File, Format Version 12.00
# Visual Studio Version 17
VisualStudioVersion = 17.13.35913.81
MinimumVisualStudioVersion = 10.0.40219.1
Project("{FAE04EC0-301F-11D3-BF4B-00C04F79EFBC}") = "CustomerManager", "CustomerManager.csproj", "{BBB2B203-0286-41AA-B357-8A3FC4A811B4}"
EndProject
Project("{FAE04EC0-301F-11D3-BF4B-00C04F79EFBC}") = "CodeSecond", "..\CodeSecond\CodeSecond.csproj", "{3DD064BE-3FAC-4E7B-AC6D-12E6A95541DE}"
EndProject
Global
	GlobalSection(SolutionConfigurationPlatforms) = preSolution
		Debug|Any CPU = Debug|Any CPU
		Release|Any CPU = Release|Any CPU
	EndGlobalSection
	GlobalSection(ProjectConfigurationPlatforms) = postSolution
		{BBB2B203-0286-41AA-B357-8A3FC4A811B4}.Debug|Any CPU.ActiveCfg = Debug|Any CPU
		{BBB2B203-0286-41AA-B357-8A3FC4A811B4}.Debug|Any CPU.Build.0 = Debug|Any CPU
		{BBB2B203-0286-41AA-B357-8A3FC4A811B4}.Release|Any CPU.ActiveCfg = Release|Any CPU
		{BBB2B203-0286-41AA-B357-8A3FC4A811B4}.Release|Any CPU.Build.0 = Release|Any CPU
		{3DD064BE-3FAC-4E7B-AC6D-12E6A95541DE}.Debug|Any CPU.ActiveCfg = Debug|Any CPU
		{3DD064BE-3FAC-4E7B-AC6D-12E6A95541DE}.Debug|Any CPU.Build.0 = Debug|Any CPU
		{3DD064BE-3FAC-4E7B-AC6D-12E6A95541DE}.Release|Any CPU.ActiveCfg = Release|Any CPU
		{3DD064BE-3FAC-4E7B-AC6D-12E6A95541DE}.Release|Any CPU.Build.0 = Release|Any CPU
	EndGlobalSection
	GlobalSection(SolutionProperties) = preSolution
		HideSolutionNode = FALSE
	EndGlobalSection
	GlobalSection(ExtensibilityGlobals) = postSolution
		SolutionGuid = {9671052E-E2DC-4763-BA82-FF1897E135E0}
	EndGlobalSection
EndGlobal
