
Microsoft Visual Studio Solution File, Format Version 12.00
# Visual Studio Version 17
VisualStudioVersion = 17.13.35825.156 d17.13
MinimumVisualStudioVersion = 10.0.40219.1
Project("{FAE04EC0-301F-11D3-BF4B-00C04F79EFBC}") = "DataAdapterProgram", "DataAdapterProgram.csproj", "{49BCE3C6-D92D-4506-A52A-C75CBB6B1E44}"
EndProject
Global
	GlobalSection(SolutionConfigurationPlatforms) = preSolution
		Debug|Any CPU = Debug|Any CPU
		Release|Any CPU = Release|Any CPU
	EndGlobalSection
	GlobalSection(ProjectConfigurationPlatforms) = postSolution
		{49BCE3C6-D92D-4506-A52A-C75CBB6B1E44}.Debug|Any CPU.ActiveCfg = Debug|Any CPU
		{49BCE3C6-D92D-4506-A52A-C75CBB6B1E44}.Debug|Any CPU.Build.0 = Debug|Any CPU
		{49BCE3C6-D92D-4506-A52A-C75CBB6B1E44}.Release|Any CPU.ActiveCfg = Release|Any CPU
		{49BCE3C6-D92D-4506-A52A-C75CBB6B1E44}.Release|Any CPU.Build.0 = Release|Any CPU
	EndGlobalSection
	GlobalSection(SolutionProperties) = preSolution
		HideSolutionNode = FALSE
	EndGlobalSection
	GlobalSection(ExtensibilityGlobals) = postSolution
		SolutionGuid = {A6A88457-B67B-421B-89CA-660DDAD90DC0}
	EndGlobalSection
EndGlobal
