
Microsoft Visual Studio Solution File, Format Version 12.00
# Visual Studio Version 17
VisualStudioVersion = 17.13.35825.156 d17.13
MinimumVisualStudioVersion = 10.0.40219.1
Project("{FAE04EC0-301F-11D3-BF4B-00C04F79EFBC}") = "DBConnection", "DBConnection.csproj", "{C798D384-AF4B-4359-AD22-9EAD2DC2F0DD}"
EndProject
Global
	GlobalSection(SolutionConfigurationPlatforms) = preSolution
		Debug|Any CPU = Debug|Any CPU
		Release|Any CPU = Release|Any CPU
	EndGlobalSection
	GlobalSection(ProjectConfigurationPlatforms) = postSolution
		{C798D384-AF4B-4359-AD22-9EAD2DC2F0DD}.Debug|Any CPU.ActiveCfg = Debug|Any CPU
		{C798D384-AF4B-4359-AD22-9EAD2DC2F0DD}.Debug|Any CPU.Build.0 = Debug|Any CPU
		{C798D384-AF4B-4359-AD22-9EAD2DC2F0DD}.Release|Any CPU.ActiveCfg = Release|Any CPU
		{C798D384-AF4B-4359-AD22-9EAD2DC2F0DD}.Release|Any CPU.Build.0 = Release|Any CPU
	EndGlobalSection
	GlobalSection(SolutionProperties) = preSolution
		HideSolutionNode = FALSE
	EndGlobalSection
	GlobalSection(ExtensibilityGlobals) = postSolution
		SolutionGuid = {AEB4976A-AB17-41C5-AE3D-4E1BE655D40E}
	EndGlobalSection
EndGlobal
