
Microsoft Visual Studio Solution File, Format Version 12.00
# Visual Studio Version 17
VisualStudioVersion = 17.13.35825.156 d17.13
MinimumVisualStudioVersion = 10.0.40219.1
Project("{FAE04EC0-301F-11D3-BF4B-00C04F79EFBC}") = "DSConnect", "DSConnect.csproj", "{902EEC59-D3EB-416E-8169-A5552705AFDB}"
EndProject
Global
	GlobalSection(SolutionConfigurationPlatforms) = preSolution
		Debug|Any CPU = Debug|Any CPU
		Release|Any CPU = Release|Any CPU
	EndGlobalSection
	GlobalSection(ProjectConfigurationPlatforms) = postSolution
		{902EEC59-D3EB-416E-8169-A5552705AFDB}.Debug|Any CPU.ActiveCfg = Debug|Any CPU
		{902EEC59-D3EB-416E-8169-A5552705AFDB}.Debug|Any CPU.Build.0 = Debug|Any CPU
		{902EEC59-D3EB-416E-8169-A5552705AFDB}.Release|Any CPU.ActiveCfg = Release|Any CPU
		{902EEC59-D3EB-416E-8169-A5552705AFDB}.Release|Any CPU.Build.0 = Release|Any CPU
	EndGlobalSection
	GlobalSection(SolutionProperties) = preSolution
		HideSolutionNode = FALSE
	EndGlobalSection
	GlobalSection(ExtensibilityGlobals) = postSolution
		SolutionGuid = {061AD692-8B7B-48A7-A7F9-39DE7E2807C8}
	EndGlobalSection
EndGlobal
